
Microsoft Visual Studio Solution File, Format Version 12.00
# Visual Studio Version 16
VisualStudioVersion = 16.0.31019.35
MinimumVisualStudioVersion = 10.0.40219.1
Project("{E24C65DC-7377-472B-9ABA-BC803B73C61A}") = "TTDC_BoatHouse", ".", "{1191AB1A-E705-40E7-AF0C-A261B4D9F8D9}"
	ProjectSection(WebsiteProperties) = preProject
		TargetFrameworkMoniker = ".NETFramework,Version%3Dv4.5"
		Debug.AspNetCompiler.VirtualPath = "/localhost_60612"
		Debug.AspNetCompiler.PhysicalPath = "..\TTDC_BoatHouse_V3_20220616\"
		Debug.AspNetCompiler.TargetPath = "PrecompiledWeb\localhost_60612\"
		Debug.AspNetCompiler.Updateable = "true"
		Debug.AspNetCompiler.ForceOverwrite = "true"
		Debug.AspNetCompiler.FixedNames = "false"
		Debug.AspNetCompiler.Debug = "True"
		Release.AspNetCompiler.VirtualPath = "/localhost_60612"
		Release.AspNetCompiler.PhysicalPath = "..\TTDC_BoatHouse_V3_20220616\"
		Release.AspNetCompiler.TargetPath = "PrecompiledWeb\localhost_60612\"
		Release.AspNetCompiler.Updateable = "true"
		Release.AspNetCompiler.ForceOverwrite = "true"
		Release.AspNetCompiler.FixedNames = "false"
		Release.AspNetCompiler.Debug = "False"
		VWDPort = "60612"
		SlnRelativePath = "..\TTDC_BoatHouse_V3_20220616\"
	EndProjectSection
EndProject
Global
	GlobalSection(SolutionConfigurationPlatforms) = preSolution
		Debug|Any CPU = Debug|Any CPU
	EndGlobalSection
	GlobalSection(ProjectConfigurationPlatforms) = postSolution
		{1191AB1A-E705-40E7-AF0C-A261B4D9F8D9}.Debug|Any CPU.ActiveCfg = Debug|Any CPU
		{1191AB1A-E705-40E7-AF0C-A261B4D9F8D9}.Debug|Any CPU.Build.0 = Debug|Any CPU
	EndGlobalSection
	GlobalSection(SolutionProperties) = preSolution
		HideSolutionNode = FALSE
	EndGlobalSection
	GlobalSection(ExtensibilityGlobals) = postSolution
		SolutionGuid = {10E4413B-D59F-45AE-90D3-6FC9D4606E37}
	EndGlobalSection
EndGlobal
